
Microsoft Visual Studio Solution File, Format Version 12.00
# Visual Studio Version 17
VisualStudioVersion = 17.10.34928.147
MinimumVisualStudioVersion = 10.0.40219.1
Project("{2150E333-8FDC-42A3-9474-1A3956D46DE8}") = "src", "src", "{0BC210BE-BC39-49F2-B742-C11AB019C7B5}"
EndProject
Project("{2150E333-8FDC-42A3-9474-1A3956D46DE8}") = "tests", "tests", "{381351E2-23C6-44E9-B836-0B4690F07FA2}"
EndProject
Project("{2150E333-8FDC-42A3-9474-1A3956D46DE8}") = "ports", "ports", "{67419BA5-3827-465E-AF30-1EF388888BA4}"
EndProject
Project("{2150E333-8FDC-42A3-9474-1A3956D46DE8}") = "core", "core", "{CE3A1D6C-AB16-48A7-B0E2-60EB8CAB27D1}"
EndProject
Project("{9A19103F-16F7-4668-BE54-9A1E7A4F7556}") = "AgendaTenis.Partidas.Core", "src\core\AgendaTenis.Partidas.Core\AgendaTenis.Partidas.Core.csproj", "{52B283BB-A5B7-4CC3-B7D0-8F94A6792EBD}"
EndProject
Project("{9A19103F-16F7-4668-BE54-9A1E7A4F7556}") = "AgendaTenis.Partidas.WebApi", "src\ports\AgendaTenis.Partidas.WebApi\AgendaTenis.Partidas.WebApi.csproj", "{02FD83FA-B198-461B-84AF-512B33445935}"
EndProject
Global
	GlobalSection(SolutionConfigurationPlatforms) = preSolution
		Debug|Any CPU = Debug|Any CPU
		Release|Any CPU = Release|Any CPU
	EndGlobalSection
	GlobalSection(ProjectConfigurationPlatforms) = postSolution
		{52B283BB-A5B7-4CC3-B7D0-8F94A6792EBD}.Debug|Any CPU.ActiveCfg = Debug|Any CPU
		{52B283BB-A5B7-4CC3-B7D0-8F94A6792EBD}.Debug|Any CPU.Build.0 = Debug|Any CPU
		{52B283BB-A5B7-4CC3-B7D0-8F94A6792EBD}.Release|Any CPU.ActiveCfg = Release|Any CPU
		{52B283BB-A5B7-4CC3-B7D0-8F94A6792EBD}.Release|Any CPU.Build.0 = Release|Any CPU
		{02FD83FA-B198-461B-84AF-512B33445935}.Debug|Any CPU.ActiveCfg = Debug|Any CPU
		{02FD83FA-B198-461B-84AF-512B33445935}.Debug|Any CPU.Build.0 = Debug|Any CPU
		{02FD83FA-B198-461B-84AF-512B33445935}.Release|Any CPU.ActiveCfg = Release|Any CPU
		{02FD83FA-B198-461B-84AF-512B33445935}.Release|Any CPU.Build.0 = Release|Any CPU
	EndGlobalSection
	GlobalSection(SolutionProperties) = preSolution
		HideSolutionNode = FALSE
	EndGlobalSection
	GlobalSection(NestedProjects) = preSolution
		{67419BA5-3827-465E-AF30-1EF388888BA4} = {0BC210BE-BC39-49F2-B742-C11AB019C7B5}
		{CE3A1D6C-AB16-48A7-B0E2-60EB8CAB27D1} = {0BC210BE-BC39-49F2-B742-C11AB019C7B5}
		{52B283BB-A5B7-4CC3-B7D0-8F94A6792EBD} = {CE3A1D6C-AB16-48A7-B0E2-60EB8CAB27D1}
		{02FD83FA-B198-461B-84AF-512B33445935} = {67419BA5-3827-465E-AF30-1EF388888BA4}
	EndGlobalSection
	GlobalSection(ExtensibilityGlobals) = postSolution
		SolutionGuid = {953E1059-033D-4208-9CD7-6F0EEC864E65}
	EndGlobalSection
EndGlobal
